
Microsoft Visual Studio Solution File, Format Version 12.00
# Visual Studio 15
VisualStudioVersion = 15.0.27130.2020
MinimumVisualStudioVersion = 10.0.40219.1
Project("{FAE04EC0-301F-11D3-BF4B-00C04F79EFBC}") = "ecard", "ecard\ecard.csproj", "{07964EE5-7B0D-4BBE-B6E4-DDDBCF6174DE}"
EndProject
Global
	GlobalSection(SolutionConfigurationPlatforms) = preSolution
		Debug|Any CPU = Debug|Any CPU
		Release|Any CPU = Release|Any CPU
	EndGlobalSection
	GlobalSection(ProjectConfigurationPlatforms) = postSolution
		{07964EE5-7B0D-4BBE-B6E4-DDDBCF6174DE}.Debug|Any CPU.ActiveCfg = Debug|Any CPU
		{07964EE5-7B0D-4BBE-B6E4-DDDBCF6174DE}.Debug|Any CPU.Build.0 = Debug|Any CPU
		{07964EE5-7B0D-4BBE-B6E4-DDDBCF6174DE}.Release|Any CPU.ActiveCfg = Release|Any CPU
		{07964EE5-7B0D-4BBE-B6E4-DDDBCF6174DE}.Release|Any CPU.Build.0 = Release|Any CPU
	EndGlobalSection
	GlobalSection(SolutionProperties) = preSolution
		HideSolutionNode = FALSE
	EndGlobalSection
	GlobalSection(ExtensibilityGlobals) = postSolution
		SolutionGuid = {75980064-AEAE-4930-A875-432D4A37FC26}
	EndGlobalSection
EndGlobal
